
Microsoft Visual Studio Solution File, Format Version 12.00
# Visual Studio Version 16
VisualStudioVersion = 16.0.30907.101
MinimumVisualStudioVersion = 10.0.40219.1
Project("{8BC9CEB8-8B4A-11D0-8D11-00A0C91BC942}") = "Project6", "Project6\Project6.vcxproj", "{4905C8F6-4673-4382-82AF-D01BC067AC44}"
EndProject
Global
	GlobalSection(SolutionConfigurationPlatforms) = preSolution
		Debug|x64 = Debug|x64
		Debug|x86 = Debug|x86
		Release|x64 = Release|x64
		Release|x86 = Release|x86
	EndGlobalSection
	GlobalSection(ProjectConfigurationPlatforms) = postSolution
		{4905C8F6-4673-4382-82AF-D01BC067AC44}.Debug|x64.ActiveCfg = Debug|x64
		{4905C8F6-4673-4382-82AF-D01BC067AC44}.Debug|x64.Build.0 = Debug|x64
		{4905C8F6-4673-4382-82AF-D01BC067AC44}.Debug|x86.ActiveCfg = Debug|Win32
		{4905C8F6-4673-4382-82AF-D01BC067AC44}.Debug|x86.Build.0 = Debug|Win32
		{4905C8F6-4673-4382-82AF-D01BC067AC44}.Release|x64.ActiveCfg = Release|x64
		{4905C8F6-4673-4382-82AF-D01BC067AC44}.Release|x64.Build.0 = Release|x64
		{4905C8F6-4673-4382-82AF-D01BC067AC44}.Release|x86.ActiveCfg = Release|Win32
		{4905C8F6-4673-4382-82AF-D01BC067AC44}.Release|x86.Build.0 = Release|Win32
	EndGlobalSection
	GlobalSection(SolutionProperties) = preSolution
		HideSolutionNode = FALSE
	EndGlobalSection
	GlobalSection(ExtensibilityGlobals) = postSolution
		SolutionGuid = {981C53E6-AA11-47BE-A202-EE6E9A9B111E}
	EndGlobalSection
EndGlobal
