
Microsoft Visual Studio Solution File, Format Version 12.00
# Visual Studio Version 16
VisualStudioVersion = 16.0.30907.101
MinimumVisualStudioVersion = 10.0.40219.1
Project("{8BC9CEB8-8B4A-11D0-8D11-00A0C91BC942}") = "Project8_2_5", "Project8_2_5\Project8_2_5.vcxproj", "{853D682E-6A7A-418D-9559-2E780AF5AA89}"
EndProject
Global
	GlobalSection(SolutionConfigurationPlatforms) = preSolution
		Debug|x64 = Debug|x64
		Debug|x86 = Debug|x86
		Release|x64 = Release|x64
		Release|x86 = Release|x86
	EndGlobalSection
	GlobalSection(ProjectConfigurationPlatforms) = postSolution
		{853D682E-6A7A-418D-9559-2E780AF5AA89}.Debug|x64.ActiveCfg = Debug|x64
		{853D682E-6A7A-418D-9559-2E780AF5AA89}.Debug|x64.Build.0 = Debug|x64
		{853D682E-6A7A-418D-9559-2E780AF5AA89}.Debug|x86.ActiveCfg = Debug|Win32
		{853D682E-6A7A-418D-9559-2E780AF5AA89}.Debug|x86.Build.0 = Debug|Win32
		{853D682E-6A7A-418D-9559-2E780AF5AA89}.Release|x64.ActiveCfg = Release|x64
		{853D682E-6A7A-418D-9559-2E780AF5AA89}.Release|x64.Build.0 = Release|x64
		{853D682E-6A7A-418D-9559-2E780AF5AA89}.Release|x86.ActiveCfg = Release|Win32
		{853D682E-6A7A-418D-9559-2E780AF5AA89}.Release|x86.Build.0 = Release|Win32
	EndGlobalSection
	GlobalSection(SolutionProperties) = preSolution
		HideSolutionNode = FALSE
	EndGlobalSection
	GlobalSection(ExtensibilityGlobals) = postSolution
		SolutionGuid = {2713C158-FD63-48EA-BA11-4EC3D4DFB57D}
	EndGlobalSection
EndGlobal
