
Microsoft Visual Studio Solution File, Format Version 12.00
# Visual Studio Version 16
VisualStudioVersion = 16.0.30907.101
MinimumVisualStudioVersion = 10.0.40219.1
Project("{8BC9CEB8-8B4A-11D0-8D11-00A0C91BC942}") = "Project7_2_1", "Project7_2_1\Project7_2_1.vcxproj", "{0CD1A0F0-631D-432B-8D30-4D2B6C4E7507}"
EndProject
Global
	GlobalSection(SolutionConfigurationPlatforms) = preSolution
		Debug|x64 = Debug|x64
		Debug|x86 = Debug|x86
		Release|x64 = Release|x64
		Release|x86 = Release|x86
	EndGlobalSection
	GlobalSection(ProjectConfigurationPlatforms) = postSolution
		{0CD1A0F0-631D-432B-8D30-4D2B6C4E7507}.Debug|x64.ActiveCfg = Debug|x64
		{0CD1A0F0-631D-432B-8D30-4D2B6C4E7507}.Debug|x64.Build.0 = Debug|x64
		{0CD1A0F0-631D-432B-8D30-4D2B6C4E7507}.Debug|x86.ActiveCfg = Debug|Win32
		{0CD1A0F0-631D-432B-8D30-4D2B6C4E7507}.Debug|x86.Build.0 = Debug|Win32
		{0CD1A0F0-631D-432B-8D30-4D2B6C4E7507}.Release|x64.ActiveCfg = Release|x64
		{0CD1A0F0-631D-432B-8D30-4D2B6C4E7507}.Release|x64.Build.0 = Release|x64
		{0CD1A0F0-631D-432B-8D30-4D2B6C4E7507}.Release|x86.ActiveCfg = Release|Win32
		{0CD1A0F0-631D-432B-8D30-4D2B6C4E7507}.Release|x86.Build.0 = Release|Win32
	EndGlobalSection
	GlobalSection(SolutionProperties) = preSolution
		HideSolutionNode = FALSE
	EndGlobalSection
	GlobalSection(ExtensibilityGlobals) = postSolution
		SolutionGuid = {A826B04D-0117-46BF-BBCB-4E2778709B10}
	EndGlobalSection
EndGlobal
