
Microsoft Visual Studio Solution File, Format Version 12.00
# Visual Studio Version 16
VisualStudioVersion = 16.0.30907.101
MinimumVisualStudioVersion = 10.0.40219.1
Project("{8BC9CEB8-8B4A-11D0-8D11-00A0C91BC942}") = "Project7_1_2", "Project7_1_2\Project7_1_2.vcxproj", "{B9010D5B-8ED3-4D57-BA16-7C2B692059BB}"
EndProject
Global
	GlobalSection(SolutionConfigurationPlatforms) = preSolution
		Debug|x64 = Debug|x64
		Debug|x86 = Debug|x86
		Release|x64 = Release|x64
		Release|x86 = Release|x86
	EndGlobalSection
	GlobalSection(ProjectConfigurationPlatforms) = postSolution
		{B9010D5B-8ED3-4D57-BA16-7C2B692059BB}.Debug|x64.ActiveCfg = Debug|x64
		{B9010D5B-8ED3-4D57-BA16-7C2B692059BB}.Debug|x64.Build.0 = Debug|x64
		{B9010D5B-8ED3-4D57-BA16-7C2B692059BB}.Debug|x86.ActiveCfg = Debug|Win32
		{B9010D5B-8ED3-4D57-BA16-7C2B692059BB}.Debug|x86.Build.0 = Debug|Win32
		{B9010D5B-8ED3-4D57-BA16-7C2B692059BB}.Release|x64.ActiveCfg = Release|x64
		{B9010D5B-8ED3-4D57-BA16-7C2B692059BB}.Release|x64.Build.0 = Release|x64
		{B9010D5B-8ED3-4D57-BA16-7C2B692059BB}.Release|x86.ActiveCfg = Release|Win32
		{B9010D5B-8ED3-4D57-BA16-7C2B692059BB}.Release|x86.Build.0 = Release|Win32
	EndGlobalSection
	GlobalSection(SolutionProperties) = preSolution
		HideSolutionNode = FALSE
	EndGlobalSection
	GlobalSection(ExtensibilityGlobals) = postSolution
		SolutionGuid = {BBFFFD38-7CFB-4331-A6ED-424D0ECE4D2B}
	EndGlobalSection
EndGlobal
